
Microsoft Visual Studio Solution File, Format Version 12.00
# Visual Studio Express 14 for Windows Desktop
VisualStudioVersion = 14.0.24720.0
MinimumVisualStudioVersion = 10.0.40219.1
Project("{FAE04EC0-301F-11D3-BF4B-00C04F79EFBC}") = "WinExtract", "WinExtract\WinExtract.csproj", "{569D8DBC-847A-4E15-987A-79D9A8AB58E2}"
EndProject
Global
	GlobalSection(SolutionConfigurationPlatforms) = preSolution
		Debug|Any CPU = Debug|Any CPU
		Release|Any CPU = Release|Any CPU
	EndGlobalSection
	GlobalSection(ProjectConfigurationPlatforms) = postSolution
		{569D8DBC-847A-4E15-987A-79D9A8AB58E2}.Debug|Any CPU.ActiveCfg = Debug|Any CPU
		{569D8DBC-847A-4E15-987A-79D9A8AB58E2}.Debug|Any CPU.Build.0 = Debug|Any CPU
		{569D8DBC-847A-4E15-987A-79D9A8AB58E2}.Release|Any CPU.ActiveCfg = Release|Any CPU
		{569D8DBC-847A-4E15-987A-79D9A8AB58E2}.Release|Any CPU.Build.0 = Release|Any CPU
	EndGlobalSection
	GlobalSection(SolutionProperties) = preSolution
		HideSolutionNode = FALSE
	EndGlobalSection
EndGlobal
